
Microsoft Visual Studio Solution File, Format Version 12.00
# Visual Studio Version 17
VisualStudioVersion = 17.8.34525.116
MinimumVisualStudioVersion = 10.0.40219.1
Project("{9A19103F-16F7-4668-BE54-9A1E7A4F7556}") = "Blogs", "Blog\Blogs.csproj", "{39BE1B3F-2F8E-44B6-BD2B-AE15AAA9FDFE}"
EndProject
Global
	GlobalSection(SolutionConfigurationPlatforms) = preSolution
		Debug|Any CPU = Debug|Any CPU
		Release|Any CPU = Release|Any CPU
	EndGlobalSection
	GlobalSection(ProjectConfigurationPlatforms) = postSolution
		{39BE1B3F-2F8E-44B6-BD2B-AE15AAA9FDFE}.Debug|Any CPU.ActiveCfg = Debug|Any CPU
		{39BE1B3F-2F8E-44B6-BD2B-AE15AAA9FDFE}.Debug|Any CPU.Build.0 = Debug|Any CPU
		{39BE1B3F-2F8E-44B6-BD2B-AE15AAA9FDFE}.Release|Any CPU.ActiveCfg = Release|Any CPU
		{39BE1B3F-2F8E-44B6-BD2B-AE15AAA9FDFE}.Release|Any CPU.Build.0 = Release|Any CPU
	EndGlobalSection
	GlobalSection(SolutionProperties) = preSolution
		HideSolutionNode = FALSE
	EndGlobalSection
	GlobalSection(ExtensibilityGlobals) = postSolution
		SolutionGuid = {FEEF9BD4-ECAA-4BD5-A197-47FFBF35AD26}
	EndGlobalSection
EndGlobal
